
Microsoft Visual Studio Solution File, Format Version 12.00
# Visual Studio Version 17
VisualStudioVersion = 17.5.33414.496
MinimumVisualStudioVersion = 10.0.40219.1
Project("{FAE04EC0-301F-11D3-BF4B-00C04F79EFBC}") = "SnakeAndLadder", "SnakeAndLadder\SnakeAndLadder.csproj", "{F4F780B9-542D-4241-859D-433598E0DF2E}"
EndProject
Global
	GlobalSection(SolutionConfigurationPlatforms) = preSolution
		Debug|Any CPU = Debug|Any CPU
		Release|Any CPU = Release|Any CPU
	EndGlobalSection
	GlobalSection(ProjectConfigurationPlatforms) = postSolution
		{F4F780B9-542D-4241-859D-433598E0DF2E}.Debug|Any CPU.ActiveCfg = Debug|Any CPU
		{F4F780B9-542D-4241-859D-433598E0DF2E}.Debug|Any CPU.Build.0 = Debug|Any CPU
		{F4F780B9-542D-4241-859D-433598E0DF2E}.Release|Any CPU.ActiveCfg = Release|Any CPU
		{F4F780B9-542D-4241-859D-433598E0DF2E}.Release|Any CPU.Build.0 = Release|Any CPU
	EndGlobalSection
	GlobalSection(SolutionProperties) = preSolution
		HideSolutionNode = FALSE
	EndGlobalSection
	GlobalSection(ExtensibilityGlobals) = postSolution
		SolutionGuid = {C65CEB93-18D1-4BE6-83D6-C0E2C0FCCE2F}
	EndGlobalSection
EndGlobal
